
Microsoft Visual Studio Solution File, Format Version 12.00
# Visual Studio Version 17
VisualStudioVersion = 17.0.31903.59
MinimumVisualStudioVersion = 10.0.40219.1
Project("{FAE04EC0-301F-11D3-BF4B-00C04F79EFBC}") = "u01_IlkUygulama", "u01_IlkUygulama\u01_IlkUygulama.csproj", "{F491A2D2-0FA7-48FE-B5E4-F1C7A0433DF5}"
EndProject
Project("{FAE04EC0-301F-11D3-BF4B-00C04F79EFBC}") = "u02_veri_tipleri", "u02_veri_tipleri\u02_veri_tipleri.csproj", "{C20F2B68-EF18-4622-9B93-71458A685DC3}"
EndProject
Project("{FAE04EC0-301F-11D3-BF4B-00C04F79EFBC}") = "u03_nothesaplama", "u03_nothesaplama\u03_nothesaplama.csproj", "{50B95664-92DA-4A85-8E19-F07F4C7F6B08}"
EndProject
Project("{FAE04EC0-301F-11D3-BF4B-00C04F79EFBC}") = "u04_vki_hesaplama", "u04_vki_hesaplama\u04_vki_hesaplama.csproj", "{E00A77FF-3F9C-44D5-9180-78975FD9788C}"
EndProject
Global
	GlobalSection(SolutionConfigurationPlatforms) = preSolution
		Debug|Any CPU = Debug|Any CPU
		Release|Any CPU = Release|Any CPU
	EndGlobalSection
	GlobalSection(SolutionProperties) = preSolution
		HideSolutionNode = FALSE
	EndGlobalSection
	GlobalSection(ProjectConfigurationPlatforms) = postSolution
		{F491A2D2-0FA7-48FE-B5E4-F1C7A0433DF5}.Debug|Any CPU.ActiveCfg = Debug|Any CPU
		{F491A2D2-0FA7-48FE-B5E4-F1C7A0433DF5}.Debug|Any CPU.Build.0 = Debug|Any CPU
		{F491A2D2-0FA7-48FE-B5E4-F1C7A0433DF5}.Release|Any CPU.ActiveCfg = Release|Any CPU
		{F491A2D2-0FA7-48FE-B5E4-F1C7A0433DF5}.Release|Any CPU.Build.0 = Release|Any CPU
		{C20F2B68-EF18-4622-9B93-71458A685DC3}.Debug|Any CPU.ActiveCfg = Debug|Any CPU
		{C20F2B68-EF18-4622-9B93-71458A685DC3}.Debug|Any CPU.Build.0 = Debug|Any CPU
		{C20F2B68-EF18-4622-9B93-71458A685DC3}.Release|Any CPU.ActiveCfg = Release|Any CPU
		{C20F2B68-EF18-4622-9B93-71458A685DC3}.Release|Any CPU.Build.0 = Release|Any CPU
		{50B95664-92DA-4A85-8E19-F07F4C7F6B08}.Debug|Any CPU.ActiveCfg = Debug|Any CPU
		{50B95664-92DA-4A85-8E19-F07F4C7F6B08}.Debug|Any CPU.Build.0 = Debug|Any CPU
		{50B95664-92DA-4A85-8E19-F07F4C7F6B08}.Release|Any CPU.ActiveCfg = Release|Any CPU
		{50B95664-92DA-4A85-8E19-F07F4C7F6B08}.Release|Any CPU.Build.0 = Release|Any CPU
		{E00A77FF-3F9C-44D5-9180-78975FD9788C}.Debug|Any CPU.ActiveCfg = Debug|Any CPU
		{E00A77FF-3F9C-44D5-9180-78975FD9788C}.Debug|Any CPU.Build.0 = Debug|Any CPU
		{E00A77FF-3F9C-44D5-9180-78975FD9788C}.Release|Any CPU.ActiveCfg = Release|Any CPU
		{E00A77FF-3F9C-44D5-9180-78975FD9788C}.Release|Any CPU.Build.0 = Release|Any CPU
	EndGlobalSection
EndGlobal
