
Microsoft Visual Studio Solution File, Format Version 12.00
# Visual Studio Version 17
VisualStudioVersion = 17.0.31903.59
MinimumVisualStudioVersion = 10.0.40219.1
Project("{FAE04EC0-301F-11D3-BF4B-00C04F79EFBC}") = "u01_IlkUygulama", "u01_IlkUygulama\u01_IlkUygulama.csproj", "{F491A2D2-0FA7-48FE-B5E4-F1C7A0433DF5}"
EndProject
Project("{FAE04EC0-301F-11D3-BF4B-00C04F79EFBC}") = "u02_veri_tipleri", "u02_veri_tipleri\u02_veri_tipleri.csproj", "{C20F2B68-EF18-4622-9B93-71458A685DC3}"
EndProject
Project("{FAE04EC0-301F-11D3-BF4B-00C04F79EFBC}") = "u03_nothesaplama", "u03_nothesaplama\u03_nothesaplama.csproj", "{50B95664-92DA-4A85-8E19-F07F4C7F6B08}"
EndProject
Project("{FAE04EC0-301F-11D3-BF4B-00C04F79EFBC}") = "u04_vki_hesaplama", "u04_vki_hesaplama\u04_vki_hesaplama.csproj", "{E00A77FF-3F9C-44D5-9180-78975FD9788C}"
EndProject
Project("{FAE04EC0-301F-11D3-BF4B-00C04F79EFBC}") = "u05_haftanin_gunleri", "u05_haftanin_gunleri\u05_haftanin_gunleri.csproj", "{91DC975B-1DD2-4E34-AC09-0F5FAE0EE939}"
EndProject
Project("{FAE04EC0-301F-11D3-BF4B-00C04F79EFBC}") = "u06_donguler", "u06_donguler\u06_donguler.csproj", "{E61792E6-663B-453B-B1B0-F857079F21BE}"
EndProject
Project("{FAE04EC0-301F-11D3-BF4B-00C04F79EFBC}") = "u07_while_dongusu", "u07_while_dongusu\u07_while_dongusu.csproj", "{FEF4187A-8589-4534-B160-2D8AD55AF64F}"
EndProject
Project("{FAE04EC0-301F-11D3-BF4B-00C04F79EFBC}") = "u08_do_while_dongusu", "u08_do_while_dongusu\u08_do_while_dongusu.csproj", "{2E3A9F37-13CB-45CA-BB24-2D258E8ACE5B}"
EndProject
Project("{FAE04EC0-301F-11D3-BF4B-00C04F79EFBC}") = "u09_pin_kodu", "u09_pin_kodu\u09_pin_kodu.csproj", "{62D86181-8F37-44CB-B5F1-CFA141C319D7}"
EndProject
Project("{FAE04EC0-301F-11D3-BF4B-00C04F79EFBC}") = "u10_diziler", "u10_diziler\u10_diziler.csproj", "{6622F0AA-A3EC-45F0-9EAC-FC61B4B34444}"
EndProject
Project("{FAE04EC0-301F-11D3-BF4B-00C04F79EFBC}") = "u11_metin_dizisi", "u11_metin_dizisi\u11_metin_dizisi.csproj", "{B0EEA68B-327B-4E05-AAEA-002103F0F296}"
EndProject
Project("{FAE04EC0-301F-11D3-BF4B-00C04F79EFBC}") = "u12_metotlar", "u12_metotlar\u12_metotlar.csproj", "{07193893-A4A3-4C0E-93AB-1ECCEF09C497}"
EndProject
Project("{FAE04EC0-301F-11D3-BF4B-00C04F79EFBC}") = "u13_degisken_parametreli_metot", "u13_degisken_parametreli_metot\u13_degisken_parametreli_metot.csproj", "{27F035A7-E79E-40D0-98C5-51F568CE56B7}"
EndProject
Global
	GlobalSection(SolutionConfigurationPlatforms) = preSolution
		Debug|Any CPU = Debug|Any CPU
		Release|Any CPU = Release|Any CPU
	EndGlobalSection
	GlobalSection(SolutionProperties) = preSolution
		HideSolutionNode = FALSE
	EndGlobalSection
	GlobalSection(ProjectConfigurationPlatforms) = postSolution
		{F491A2D2-0FA7-48FE-B5E4-F1C7A0433DF5}.Debug|Any CPU.ActiveCfg = Debug|Any CPU
		{F491A2D2-0FA7-48FE-B5E4-F1C7A0433DF5}.Debug|Any CPU.Build.0 = Debug|Any CPU
		{F491A2D2-0FA7-48FE-B5E4-F1C7A0433DF5}.Release|Any CPU.ActiveCfg = Release|Any CPU
		{F491A2D2-0FA7-48FE-B5E4-F1C7A0433DF5}.Release|Any CPU.Build.0 = Release|Any CPU
		{C20F2B68-EF18-4622-9B93-71458A685DC3}.Debug|Any CPU.ActiveCfg = Debug|Any CPU
		{C20F2B68-EF18-4622-9B93-71458A685DC3}.Debug|Any CPU.Build.0 = Debug|Any CPU
		{C20F2B68-EF18-4622-9B93-71458A685DC3}.Release|Any CPU.ActiveCfg = Release|Any CPU
		{C20F2B68-EF18-4622-9B93-71458A685DC3}.Release|Any CPU.Build.0 = Release|Any CPU
		{50B95664-92DA-4A85-8E19-F07F4C7F6B08}.Debug|Any CPU.ActiveCfg = Debug|Any CPU
		{50B95664-92DA-4A85-8E19-F07F4C7F6B08}.Debug|Any CPU.Build.0 = Debug|Any CPU
		{50B95664-92DA-4A85-8E19-F07F4C7F6B08}.Release|Any CPU.ActiveCfg = Release|Any CPU
		{50B95664-92DA-4A85-8E19-F07F4C7F6B08}.Release|Any CPU.Build.0 = Release|Any CPU
		{E00A77FF-3F9C-44D5-9180-78975FD9788C}.Debug|Any CPU.ActiveCfg = Debug|Any CPU
		{E00A77FF-3F9C-44D5-9180-78975FD9788C}.Debug|Any CPU.Build.0 = Debug|Any CPU
		{E00A77FF-3F9C-44D5-9180-78975FD9788C}.Release|Any CPU.ActiveCfg = Release|Any CPU
		{E00A77FF-3F9C-44D5-9180-78975FD9788C}.Release|Any CPU.Build.0 = Release|Any CPU
		{91DC975B-1DD2-4E34-AC09-0F5FAE0EE939}.Debug|Any CPU.ActiveCfg = Debug|Any CPU
		{91DC975B-1DD2-4E34-AC09-0F5FAE0EE939}.Debug|Any CPU.Build.0 = Debug|Any CPU
		{91DC975B-1DD2-4E34-AC09-0F5FAE0EE939}.Release|Any CPU.ActiveCfg = Release|Any CPU
		{91DC975B-1DD2-4E34-AC09-0F5FAE0EE939}.Release|Any CPU.Build.0 = Release|Any CPU
		{E61792E6-663B-453B-B1B0-F857079F21BE}.Debug|Any CPU.ActiveCfg = Debug|Any CPU
		{E61792E6-663B-453B-B1B0-F857079F21BE}.Debug|Any CPU.Build.0 = Debug|Any CPU
		{E61792E6-663B-453B-B1B0-F857079F21BE}.Release|Any CPU.ActiveCfg = Release|Any CPU
		{E61792E6-663B-453B-B1B0-F857079F21BE}.Release|Any CPU.Build.0 = Release|Any CPU
		{FEF4187A-8589-4534-B160-2D8AD55AF64F}.Debug|Any CPU.ActiveCfg = Debug|Any CPU
		{FEF4187A-8589-4534-B160-2D8AD55AF64F}.Debug|Any CPU.Build.0 = Debug|Any CPU
		{FEF4187A-8589-4534-B160-2D8AD55AF64F}.Release|Any CPU.ActiveCfg = Release|Any CPU
		{FEF4187A-8589-4534-B160-2D8AD55AF64F}.Release|Any CPU.Build.0 = Release|Any CPU
		{2E3A9F37-13CB-45CA-BB24-2D258E8ACE5B}.Debug|Any CPU.ActiveCfg = Debug|Any CPU
		{2E3A9F37-13CB-45CA-BB24-2D258E8ACE5B}.Debug|Any CPU.Build.0 = Debug|Any CPU
		{2E3A9F37-13CB-45CA-BB24-2D258E8ACE5B}.Release|Any CPU.ActiveCfg = Release|Any CPU
		{2E3A9F37-13CB-45CA-BB24-2D258E8ACE5B}.Release|Any CPU.Build.0 = Release|Any CPU
		{62D86181-8F37-44CB-B5F1-CFA141C319D7}.Debug|Any CPU.ActiveCfg = Debug|Any CPU
		{62D86181-8F37-44CB-B5F1-CFA141C319D7}.Debug|Any CPU.Build.0 = Debug|Any CPU
		{62D86181-8F37-44CB-B5F1-CFA141C319D7}.Release|Any CPU.ActiveCfg = Release|Any CPU
		{62D86181-8F37-44CB-B5F1-CFA141C319D7}.Release|Any CPU.Build.0 = Release|Any CPU
		{6622F0AA-A3EC-45F0-9EAC-FC61B4B34444}.Debug|Any CPU.ActiveCfg = Debug|Any CPU
		{6622F0AA-A3EC-45F0-9EAC-FC61B4B34444}.Debug|Any CPU.Build.0 = Debug|Any CPU
		{6622F0AA-A3EC-45F0-9EAC-FC61B4B34444}.Release|Any CPU.ActiveCfg = Release|Any CPU
		{6622F0AA-A3EC-45F0-9EAC-FC61B4B34444}.Release|Any CPU.Build.0 = Release|Any CPU
		{B0EEA68B-327B-4E05-AAEA-002103F0F296}.Debug|Any CPU.ActiveCfg = Debug|Any CPU
		{B0EEA68B-327B-4E05-AAEA-002103F0F296}.Debug|Any CPU.Build.0 = Debug|Any CPU
		{B0EEA68B-327B-4E05-AAEA-002103F0F296}.Release|Any CPU.ActiveCfg = Release|Any CPU
		{B0EEA68B-327B-4E05-AAEA-002103F0F296}.Release|Any CPU.Build.0 = Release|Any CPU
		{07193893-A4A3-4C0E-93AB-1ECCEF09C497}.Debug|Any CPU.ActiveCfg = Debug|Any CPU
		{07193893-A4A3-4C0E-93AB-1ECCEF09C497}.Debug|Any CPU.Build.0 = Debug|Any CPU
		{07193893-A4A3-4C0E-93AB-1ECCEF09C497}.Release|Any CPU.ActiveCfg = Release|Any CPU
		{07193893-A4A3-4C0E-93AB-1ECCEF09C497}.Release|Any CPU.Build.0 = Release|Any CPU
		{27F035A7-E79E-40D0-98C5-51F568CE56B7}.Debug|Any CPU.ActiveCfg = Debug|Any CPU
		{27F035A7-E79E-40D0-98C5-51F568CE56B7}.Debug|Any CPU.Build.0 = Debug|Any CPU
		{27F035A7-E79E-40D0-98C5-51F568CE56B7}.Release|Any CPU.ActiveCfg = Release|Any CPU
		{27F035A7-E79E-40D0-98C5-51F568CE56B7}.Release|Any CPU.Build.0 = Release|Any CPU
	EndGlobalSection
EndGlobal
